
Microsoft Visual Studio Solution File, Format Version 12.00
# Visual Studio 2013
VisualStudioVersion = 12.0.21005.1
MinimumVisualStudioVersion = 10.0.40219.1
Project("{8BC9CEB8-8B4A-11D0-8D11-00A0C91BC942}") = "Using_Pointers", "Using_Pointers\Using_Pointers.vcxproj", "{A6E20F4C-BF60-4B6E-B487-06D27E72803F}"
EndProject
Global
	GlobalSection(SolutionConfigurationPlatforms) = preSolution
		Debug|Win32 = Debug|Win32
		Release|Win32 = Release|Win32
	EndGlobalSection
	GlobalSection(ProjectConfigurationPlatforms) = postSolution
		{A6E20F4C-BF60-4B6E-B487-06D27E72803F}.Debug|Win32.ActiveCfg = Debug|Win32
		{A6E20F4C-BF60-4B6E-B487-06D27E72803F}.Debug|Win32.Build.0 = Debug|Win32
		{A6E20F4C-BF60-4B6E-B487-06D27E72803F}.Release|Win32.ActiveCfg = Release|Win32
		{A6E20F4C-BF60-4B6E-B487-06D27E72803F}.Release|Win32.Build.0 = Release|Win32
	EndGlobalSection
	GlobalSection(SolutionProperties) = preSolution
		HideSolutionNode = FALSE
	EndGlobalSection
EndGlobal
