
Microsoft Visual Studio Solution File, Format Version 12.00
# Visual Studio 2013
VisualStudioVersion = 12.0.21005.1
MinimumVisualStudioVersion = 10.0.40219.1
Project("{8BC9CEB8-8B4A-11D0-8D11-00A0C91BC942}") = "Class_Data", "Class_Data\Class_Data.vcxproj", "{5C68E4A4-37B5-4070-80BD-5F84A76D89DF}"
EndProject
Global
	GlobalSection(SolutionConfigurationPlatforms) = preSolution
		Debug|Win32 = Debug|Win32
		Release|Win32 = Release|Win32
	EndGlobalSection
	GlobalSection(ProjectConfigurationPlatforms) = postSolution
		{5C68E4A4-37B5-4070-80BD-5F84A76D89DF}.Debug|Win32.ActiveCfg = Debug|Win32
		{5C68E4A4-37B5-4070-80BD-5F84A76D89DF}.Debug|Win32.Build.0 = Debug|Win32
		{5C68E4A4-37B5-4070-80BD-5F84A76D89DF}.Release|Win32.ActiveCfg = Release|Win32
		{5C68E4A4-37B5-4070-80BD-5F84A76D89DF}.Release|Win32.Build.0 = Release|Win32
	EndGlobalSection
	GlobalSection(SolutionProperties) = preSolution
		HideSolutionNode = FALSE
	EndGlobalSection
EndGlobal
