
Microsoft Visual Studio Solution File, Format Version 12.00
# Visual Studio 2013
VisualStudioVersion = 12.0.21005.1
MinimumVisualStudioVersion = 10.0.40219.1
Project("{8BC9CEB8-8B4A-11D0-8D11-00A0C91BC942}") = "CopyConstructor_String", "CopyConstructor_String\CopyConstructor_String.vcxproj", "{B5577EBE-6DE7-4896-A39F-6D9B2CFFD402}"
EndProject
Global
	GlobalSection(SolutionConfigurationPlatforms) = preSolution
		Debug|Win32 = Debug|Win32
		Release|Win32 = Release|Win32
	EndGlobalSection
	GlobalSection(ProjectConfigurationPlatforms) = postSolution
		{B5577EBE-6DE7-4896-A39F-6D9B2CFFD402}.Debug|Win32.ActiveCfg = Debug|Win32
		{B5577EBE-6DE7-4896-A39F-6D9B2CFFD402}.Debug|Win32.Build.0 = Debug|Win32
		{B5577EBE-6DE7-4896-A39F-6D9B2CFFD402}.Release|Win32.ActiveCfg = Release|Win32
		{B5577EBE-6DE7-4896-A39F-6D9B2CFFD402}.Release|Win32.Build.0 = Release|Win32
	EndGlobalSection
	GlobalSection(SolutionProperties) = preSolution
		HideSolutionNode = FALSE
	EndGlobalSection
EndGlobal
