
Microsoft Visual Studio Solution File, Format Version 12.00
# Visual Studio 2013
VisualStudioVersion = 12.0.40629.0
MinimumVisualStudioVersion = 10.0.40219.1
Project("{8BC9CEB8-8B4A-11D0-8D11-00A0C91BC942}") = "Task4", "Task4\Task4.vcxproj", "{00929668-6C74-4F08-9DD3-A6EF96F8BD29}"
EndProject
Project("{F088123C-0E9E-452A-89E6-6BA2F21D5CAC}") = "ModelingProject1", "ModelingProject1\ModelingProject1.modelproj", "{5DF75D39-5D53-4C91-8F0B-6D67FF7DDB10}"
EndProject
Global
	GlobalSection(SolutionConfigurationPlatforms) = preSolution
		Debug|Any CPU = Debug|Any CPU
		Debug|Mixed Platforms = Debug|Mixed Platforms
		Debug|Win32 = Debug|Win32
		Release|Any CPU = Release|Any CPU
		Release|Mixed Platforms = Release|Mixed Platforms
		Release|Win32 = Release|Win32
	EndGlobalSection
	GlobalSection(ProjectConfigurationPlatforms) = postSolution
		{00929668-6C74-4F08-9DD3-A6EF96F8BD29}.Debug|Any CPU.ActiveCfg = Debug|Win32
		{00929668-6C74-4F08-9DD3-A6EF96F8BD29}.Debug|Mixed Platforms.ActiveCfg = Debug|Win32
		{00929668-6C74-4F08-9DD3-A6EF96F8BD29}.Debug|Mixed Platforms.Build.0 = Debug|Win32
		{00929668-6C74-4F08-9DD3-A6EF96F8BD29}.Debug|Win32.ActiveCfg = Debug|Win32
		{00929668-6C74-4F08-9DD3-A6EF96F8BD29}.Debug|Win32.Build.0 = Debug|Win32
		{00929668-6C74-4F08-9DD3-A6EF96F8BD29}.Release|Any CPU.ActiveCfg = Release|Win32
		{00929668-6C74-4F08-9DD3-A6EF96F8BD29}.Release|Mixed Platforms.ActiveCfg = Release|Win32
		{00929668-6C74-4F08-9DD3-A6EF96F8BD29}.Release|Mixed Platforms.Build.0 = Release|Win32
		{00929668-6C74-4F08-9DD3-A6EF96F8BD29}.Release|Win32.ActiveCfg = Release|Win32
		{00929668-6C74-4F08-9DD3-A6EF96F8BD29}.Release|Win32.Build.0 = Release|Win32
		{5DF75D39-5D53-4C91-8F0B-6D67FF7DDB10}.Debug|Any CPU.ActiveCfg = Debug|Any CPU
		{5DF75D39-5D53-4C91-8F0B-6D67FF7DDB10}.Debug|Any CPU.Build.0 = Debug|Any CPU
		{5DF75D39-5D53-4C91-8F0B-6D67FF7DDB10}.Debug|Mixed Platforms.ActiveCfg = Debug|Any CPU
		{5DF75D39-5D53-4C91-8F0B-6D67FF7DDB10}.Debug|Mixed Platforms.Build.0 = Debug|Any CPU
		{5DF75D39-5D53-4C91-8F0B-6D67FF7DDB10}.Debug|Win32.ActiveCfg = Debug|Any CPU
		{5DF75D39-5D53-4C91-8F0B-6D67FF7DDB10}.Release|Any CPU.ActiveCfg = Release|Any CPU
		{5DF75D39-5D53-4C91-8F0B-6D67FF7DDB10}.Release|Any CPU.Build.0 = Release|Any CPU
		{5DF75D39-5D53-4C91-8F0B-6D67FF7DDB10}.Release|Mixed Platforms.ActiveCfg = Release|Any CPU
		{5DF75D39-5D53-4C91-8F0B-6D67FF7DDB10}.Release|Mixed Platforms.Build.0 = Release|Any CPU
		{5DF75D39-5D53-4C91-8F0B-6D67FF7DDB10}.Release|Win32.ActiveCfg = Release|Any CPU
	EndGlobalSection
	GlobalSection(SolutionProperties) = preSolution
		HideSolutionNode = FALSE
	EndGlobalSection
EndGlobal
